
Microsoft Visual Studio Solution File, Format Version 12.00
# Visual Studio Version 17
VisualStudioVersion = 17.7.34202.233
MinimumVisualStudioVersion = 10.0.40219.1
Project("{FAE04EC0-301F-11D3-BF4B-00C04F79EFBC}") = "csharp-exercise-enum", "csharp-exercise-enum\csharp-exercise-enum.csproj", "{6FE6F460-ACA3-49C5-B355-2C36AC2D0F37}"
EndProject
Global
	GlobalSection(SolutionConfigurationPlatforms) = preSolution
		Debug|Any CPU = Debug|Any CPU
		Release|Any CPU = Release|Any CPU
	EndGlobalSection
	GlobalSection(ProjectConfigurationPlatforms) = postSolution
		{6FE6F460-ACA3-49C5-B355-2C36AC2D0F37}.Debug|Any CPU.ActiveCfg = Debug|Any CPU
		{6FE6F460-ACA3-49C5-B355-2C36AC2D0F37}.Debug|Any CPU.Build.0 = Debug|Any CPU
		{6FE6F460-ACA3-49C5-B355-2C36AC2D0F37}.Release|Any CPU.ActiveCfg = Release|Any CPU
		{6FE6F460-ACA3-49C5-B355-2C36AC2D0F37}.Release|Any CPU.Build.0 = Release|Any CPU
	EndGlobalSection
	GlobalSection(SolutionProperties) = preSolution
		HideSolutionNode = FALSE
	EndGlobalSection
	GlobalSection(ExtensibilityGlobals) = postSolution
		SolutionGuid = {D13B9485-0FD0-4276-B022-01C3E722380B}
	EndGlobalSection
EndGlobal
